
Microsoft Visual Studio Solution File, Format Version 10.00
# Visual Studio 2008
Project("{8BC9CEB8-8B4A-11D0-8D11-00A0C91BC942}") = "app", "..\src\%{APPNAMELC}\hello.vcproj", "{DA6477BD-CBE9-4331-AF9B-CEEA7C1FDDFB}"
EndProject
Global
	GlobalSection(SolutionConfigurationPlatforms) = preSolution
		Debug|Win32 = Debug|Win32
		Release|Win32 = Release|Win32
	EndGlobalSection
	GlobalSection(ProjectConfigurationPlatforms) = postSolution
		{DA6477BD-CBE9-4331-AF9B-CEEA7C1FDDFB}.Debug|Win32.ActiveCfg = Debug|Win32
		{DA6477BD-CBE9-4331-AF9B-CEEA7C1FDDFB}.Debug|Win32.Build.0 = Debug|Win32
		{DA6477BD-CBE9-4331-AF9B-CEEA7C1FDDFB}.Release|Win32.ActiveCfg = Release|Win32
		{DA6477BD-CBE9-4331-AF9B-CEEA7C1FDDFB}.Release|Win32.Build.0 = Release|Win32
	EndGlobalSection
	GlobalSection(SolutionProperties) = preSolution
		HideSolutionNode = FALSE
	EndGlobalSection
EndGlobal
